
Microsoft Visual Studio Solution File, Format Version 12.00
# Visual Studio Version 16
VisualStudioVersion = 16.0.30523.141
MinimumVisualStudioVersion = 10.0.40219.1
Project("{FAE04EC0-301F-11D3-BF4B-00C04F79EFBC}") = "DiceWars", "DiceWars\DiceWars.csproj", "{32B86630-1FB9-4F03-A3E5-83E66F6064F6}"
EndProject
Global
	GlobalSection(SolutionConfigurationPlatforms) = preSolution
		Debug|Any CPU = Debug|Any CPU
		Release|Any CPU = Release|Any CPU
	EndGlobalSection
	GlobalSection(ProjectConfigurationPlatforms) = postSolution
		{32B86630-1FB9-4F03-A3E5-83E66F6064F6}.Debug|Any CPU.ActiveCfg = Debug|Any CPU
		{32B86630-1FB9-4F03-A3E5-83E66F6064F6}.Debug|Any CPU.Build.0 = Debug|Any CPU
		{32B86630-1FB9-4F03-A3E5-83E66F6064F6}.Release|Any CPU.ActiveCfg = Release|Any CPU
		{32B86630-1FB9-4F03-A3E5-83E66F6064F6}.Release|Any CPU.Build.0 = Release|Any CPU
	EndGlobalSection
	GlobalSection(SolutionProperties) = preSolution
		HideSolutionNode = FALSE
	EndGlobalSection
	GlobalSection(ExtensibilityGlobals) = postSolution
		SolutionGuid = {CFDFE7F8-41A2-4251-88FF-D7152C024B65}
	EndGlobalSection
EndGlobal
