
Microsoft Visual Studio Solution File, Format Version 12.00
# Visual Studio Version 16
VisualStudioVersion = 16.0.30523.141
MinimumVisualStudioVersion = 10.0.40219.1
Project("{8BC9CEB8-8B4A-11D0-8D11-00A0C91BC942}") = "JsonClient", "JsonClient\JsonClient.vcxproj", "{781577B2-686E-4736-B2F5-B01917EEAB84}"
EndProject
Project("{8BC9CEB8-8B4A-11D0-8D11-00A0C91BC942}") = "JsonLibrary", "JsonLibrary\JsonLibrary.vcxproj", "{D67EC04D-AC49-4EF4-90AC-8156159C8BAF}"
EndProject
Global
	GlobalSection(SolutionConfigurationPlatforms) = preSolution
		Debug|x64 = Debug|x64
		Debug|x86 = Debug|x86
		Release|x64 = Release|x64
		Release|x86 = Release|x86
	EndGlobalSection
	GlobalSection(ProjectConfigurationPlatforms) = postSolution
		{781577B2-686E-4736-B2F5-B01917EEAB84}.Debug|x64.ActiveCfg = Debug|x64
		{781577B2-686E-4736-B2F5-B01917EEAB84}.Debug|x64.Build.0 = Debug|x64
		{781577B2-686E-4736-B2F5-B01917EEAB84}.Debug|x86.ActiveCfg = Debug|Win32
		{781577B2-686E-4736-B2F5-B01917EEAB84}.Debug|x86.Build.0 = Debug|Win32
		{781577B2-686E-4736-B2F5-B01917EEAB84}.Release|x64.ActiveCfg = Release|x64
		{781577B2-686E-4736-B2F5-B01917EEAB84}.Release|x64.Build.0 = Release|x64
		{781577B2-686E-4736-B2F5-B01917EEAB84}.Release|x86.ActiveCfg = Release|Win32
		{781577B2-686E-4736-B2F5-B01917EEAB84}.Release|x86.Build.0 = Release|Win32
		{D67EC04D-AC49-4EF4-90AC-8156159C8BAF}.Debug|x64.ActiveCfg = Debug|x64
		{D67EC04D-AC49-4EF4-90AC-8156159C8BAF}.Debug|x64.Build.0 = Debug|x64
		{D67EC04D-AC49-4EF4-90AC-8156159C8BAF}.Debug|x86.ActiveCfg = Debug|Win32
		{D67EC04D-AC49-4EF4-90AC-8156159C8BAF}.Debug|x86.Build.0 = Debug|Win32
		{D67EC04D-AC49-4EF4-90AC-8156159C8BAF}.Release|x64.ActiveCfg = Release|x64
		{D67EC04D-AC49-4EF4-90AC-8156159C8BAF}.Release|x64.Build.0 = Release|x64
		{D67EC04D-AC49-4EF4-90AC-8156159C8BAF}.Release|x86.ActiveCfg = Release|Win32
		{D67EC04D-AC49-4EF4-90AC-8156159C8BAF}.Release|x86.Build.0 = Release|Win32
	EndGlobalSection
	GlobalSection(SolutionProperties) = preSolution
		HideSolutionNode = FALSE
	EndGlobalSection
	GlobalSection(ExtensibilityGlobals) = postSolution
		SolutionGuid = {827CFFCE-72FA-4E3E-9BB0-056850BB4F11}
	EndGlobalSection
EndGlobal
